
Microsoft Visual Studio Solution File, Format Version 12.00
# Visual Studio Version 17
VisualStudioVersion = 17.2.32630.192
MinimumVisualStudioVersion = 10.0.40219.1
Project("{9A19103F-16F7-4668-BE54-9A1E7A4F7556}") = "HashTable", "HashTable\HashTable.csproj", "{2DDE220F-593A-4093-8059-916B2257162A}"
EndProject
Project("{9A19103F-16F7-4668-BE54-9A1E7A4F7556}") = "TestProject", "TestProject1\TestProject.csproj", "{D687BACA-8BE7-43C0-96D0-8B9BAE6CFB6E}"
EndProject
Global
	GlobalSection(SolutionConfigurationPlatforms) = preSolution
		Debug|Any CPU = Debug|Any CPU
		Release|Any CPU = Release|Any CPU
	EndGlobalSection
	GlobalSection(ProjectConfigurationPlatforms) = postSolution
		{2DDE220F-593A-4093-8059-916B2257162A}.Debug|Any CPU.ActiveCfg = Debug|Any CPU
		{2DDE220F-593A-4093-8059-916B2257162A}.Debug|Any CPU.Build.0 = Debug|Any CPU
		{2DDE220F-593A-4093-8059-916B2257162A}.Release|Any CPU.ActiveCfg = Release|Any CPU
		{2DDE220F-593A-4093-8059-916B2257162A}.Release|Any CPU.Build.0 = Release|Any CPU
		{D687BACA-8BE7-43C0-96D0-8B9BAE6CFB6E}.Debug|Any CPU.ActiveCfg = Debug|Any CPU
		{D687BACA-8BE7-43C0-96D0-8B9BAE6CFB6E}.Debug|Any CPU.Build.0 = Debug|Any CPU
		{D687BACA-8BE7-43C0-96D0-8B9BAE6CFB6E}.Release|Any CPU.ActiveCfg = Release|Any CPU
		{D687BACA-8BE7-43C0-96D0-8B9BAE6CFB6E}.Release|Any CPU.Build.0 = Release|Any CPU
	EndGlobalSection
	GlobalSection(SolutionProperties) = preSolution
		HideSolutionNode = FALSE
	EndGlobalSection
	GlobalSection(ExtensibilityGlobals) = postSolution
		SolutionGuid = {239AB7B2-6143-49D9-9203-272F8F9605E1}
	EndGlobalSection
EndGlobal
